// !$*UTF8*$!
{
	archiveVersion = 1;
	classes = {
	};
	objectVersion = 77;
	objects = {

/* Begin PBXContainerItemProxy section */
		872F18952D806E7E00C638FD /* PBXContainerItemProxy */ = {
			isa = PBXContainerItemProxy;
			containerPortal = 872F187A2D806E7D00C638FD /* Project object */;
			proxyType = 1;
			remoteGlobalIDString = 872F18812D806E7D00C638FD;
			remoteInfo = checkmoodumm;
		};
		872F189F2D806E7E00C638FD /* PBXContainerItemProxy */ = {
			isa = PBXContainerItemProxy;
			containerPortal = 872F187A2D806E7D00C638FD /* Project object */;
			proxyType = 1;
			remoteGlobalIDString = 872F18812D806E7D00C638FD;
			remoteInfo = checkmoodumm;
		};
/* End PBXContainerItemProxy section */

/* Begin PBXFileReference section */
		872F18822D806E7D00C638FD /* checkmoodumm.app */ = {isa = PBXFileReference; explicitFileType = wrapper.application; includeInIndex = 0; path = checkmoodumm.app; sourceTree = BUILT_PRODUCTS_DIR; };
		872F18942D806E7E00C638FD /* checkmoodummTests.xctest */ = {isa = PBXFileReference; explicitFileType = wrapper.cfbundle; includeInIndex = 0; path = checkmoodummTests.xctest; sourceTree = BUILT_PRODUCTS_DIR; };
		872F189E2D806E7E00C638FD /* checkmoodummUITests.xctest */ = {isa = PBXFileReference; explicitFileType = wrapper.cfbundle; includeInIndex = 0; path = checkmoodummUITests.xctest; sourceTree = BUILT_PRODUCTS_DIR; };
/* End PBXFileReference section */

/* Begin PBXFileSystemSynchronizedRootGroup section */
		872F18842D806E7D00C638FD /* checkmoodumm */ = {
			isa = PBXFileSystemSynchronizedRootGroup;
			path = checkmoodumm;
			sourceTree = "<group>";
		};
		872F18972D806E7E00C638FD /* checkmoodummTests */ = {
			isa = PBXFileSystemSynchronizedRootGroup;
			path = checkmoodummTests;
			sourceTree = "<group>";
		};
		872F18A12D806E7E00C638FD /* checkmoodummUITests */ = {
			isa = PBXFileSystemSynchronizedRootGroup;
			path = checkmoodummUITests;
			sourceTree = "<group>";
		};
/* End PBXFileSystemSynchronizedRootGroup section */

/* Begin PBXFrameworksBuildPhase section */
		872F187F2D806E7D00C638FD /* Frameworks */ = {
			isa = PBXFrameworksBuildPhase;
			buildActionMask = 2147483647;
			files = (
			);
			runOnlyForDeploymentPostprocessing = 0;
		};
		872F18912D806E7E00C638FD /* Frameworks */ = {
			isa = PBXFrameworksBuildPhase;
			buildActionMask = 2147483647;
			files = (
			);
			runOnlyForDeploymentPostprocessing = 0;
		};
		872F189B2D806E7E00C638FD /* Frameworks */ = {
			isa = PBXFrameworksBuildPhase;
			buildActionMask = 2147483647;
			files = (
			);
			runOnlyForDeploymentPostprocessing = 0;
		};
/* End PBXFrameworksBuildPhase section */

/* Begin PBXGroup section */
		872F18792D806E7D00C638FD = {
			isa = PBXGroup;
			children = (
				872F18842D806E7D00C638FD /* checkmoodumm */,
				872F18972D806E7E00C638FD /* checkmoodummTests */,
				872F18A12D806E7E00C638FD /* checkmoodummUITests */,
				872F18832D806E7D00C638FD /* Products */,
			);
			sourceTree = "<group>";
		};
		872F18832D806E7D00C638FD /* Products */ = {
			isa = PBXGroup;
			children = (
				872F18822D806E7D00C638FD /* checkmoodumm.app */,
				872F18942D806E7E00C638FD /* checkmoodummTests.xctest */,
				872F189E2D806E7E00C638FD /* checkmoodummUITests.xctest */,
			);
			name = Products;
			sourceTree = "<group>";
		};
/* End PBXGroup section */

/* Begin PBXNativeTarget section */
		872F18812D806E7D00C638FD /* checkmoodumm */ = {
			isa = PBXNativeTarget;
			buildConfigurationList = 872F18A82D806E7E00C638FD /* Build configuration list for PBXNativeTarget "checkmoodumm" */;
			buildPhases = (
				872F187E2D806E7D00C638FD /* Sources */,
				872F187F2D806E7D00C638FD /* Frameworks */,
				872F18802D806E7D00C638FD /* Resources */,
			);
			buildRules = (
			);
			dependencies = (
			);
			fileSystemSynchronizedGroups = (
				872F18842D806E7D00C638FD /* checkmoodumm */,
			);
			name = checkmoodumm;
			packageProductDependencies = (
			);
			productName = checkmoodumm;
			productReference = 872F18822D806E7D00C638FD /* checkmoodumm.app */;
			productType = "com.apple.product-type.application";
		};
		872F18932D806E7E00C638FD /* checkmoodummTests */ = {
			isa = PBXNativeTarget;
			buildConfigurationList = 872F18AB2D806E7E00C638FD /* Build configuration list for PBXNativeTarget "checkmoodummTests" */;
			buildPhases = (
				872F18902D806E7E00C638FD /* Sources */,
				872F18912D806E7E00C638FD /* Frameworks */,
				872F18922D806E7E00C638FD /* Resources */,
			);
			buildRules = (
			);
			dependencies = (
				872F18962D806E7E00C638FD /* PBXTargetDependency */,
			);
			fileSystemSynchronizedGroups = (
				872F18972D806E7E00C638FD /* checkmoodummTests */,
			);
			name = checkmoodummTests;
			packageProductDependencies = (
			);
			productName = checkmoodummTests;
			productReference = 872F18942D806E7E00C638FD /* checkmoodummTests.xctest */;
			productType = "com.apple.product-type.bundle.unit-test";
		};
		872F189D2D806E7E00C638FD /* checkmoodummUITests */ = {
			isa = PBXNativeTarget;
			buildConfigurationList = 872F18AE2D806E7E00C638FD /* Build configuration list for PBXNativeTarget "checkmoodummUITests" */;
			buildPhases = (
				872F189A2D806E7E00C638FD /* Sources */,
				872F189B2D806E7E00C638FD /* Frameworks */,
				872F189C2D806E7E00C638FD /* Resources */,
			);
			buildRules = (
			);
			dependencies = (
				872F18A02D806E7E00C638FD /* PBXTargetDependency */,
			);
			fileSystemSynchronizedGroups = (
				872F18A12D806E7E00C638FD /* checkmoodummUITests */,
			);
			name = checkmoodummUITests;
			packageProductDependencies = (
			);
			productName = checkmoodummUITests;
			productReference = 872F189E2D806E7E00C638FD /* checkmoodummUITests.xctest */;
			productType = "com.apple.product-type.bundle.ui-testing";
		};
/* End PBXNativeTarget section */

/* Begin PBXProject section */
		872F187A2D806E7D00C638FD /* Project object */ = {
			isa = PBXProject;
			attributes = {
				BuildIndependentTargetsInParallel = 1;
				LastSwiftUpdateCheck = 1600;
				LastUpgradeCheck = 1600;
				TargetAttributes = {
					872F18812D806E7D00C638FD = {
						CreatedOnToolsVersion = 16.0;
					};
					872F18932D806E7E00C638FD = {
						CreatedOnToolsVersion = 16.0;
						TestTargetID = 872F18812D806E7D00C638FD;
					};
					872F189D2D806E7E00C638FD = {
						CreatedOnToolsVersion = 16.0;
						TestTargetID = 872F18812D806E7D00C638FD;
					};
				};
			};
			buildConfigurationList = 872F187D2D806E7D00C638FD /* Build configuration list for PBXProject "checkmoodumm" */;
			developmentRegion = en;
			hasScannedForEncodings = 0;
			knownRegions = (
				en,
				Base,
			);
			mainGroup = 872F18792D806E7D00C638FD;
			minimizedProjectReferenceProxies = 1;
			preferredProjectObjectVersion = 77;
			productRefGroup = 872F18832D806E7D00C638FD /* Products */;
			projectDirPath = "";
			projectRoot = "";
			targets = (
				872F18812D806E7D00C638FD /* checkmoodumm */,
				872F18932D806E7E00C638FD /* checkmoodummTests */,
				872F189D2D806E7E00C638FD /* checkmoodummUITests */,
			);
		};
/* End PBXProject section */

/* Begin PBXResourcesBuildPhase section */
		872F18802D806E7D00C638FD /* Resources */ = {
			isa = PBXResourcesBuildPhase;
			buildActionMask = 2147483647;
			files = (
			);
			runOnlyForDeploymentPostprocessing = 0;
		};
		872F18922D806E7E00C638FD /* Resources */ = {
			isa = PBXResourcesBuildPhase;
			buildActionMask = 2147483647;
			files = (
			);
			runOnlyForDeploymentPostprocessing = 0;
		};
		872F189C2D806E7E00C638FD /* Resources */ = {
			isa = PBXResourcesBuildPhase;
			buildActionMask = 2147483647;
			files = (
			);
			runOnlyForDeploymentPostprocessing = 0;
		};
/* End PBXResourcesBuildPhase section */

/* Begin PBXSourcesBuildPhase section */
		872F187E2D806E7D00C638FD /* Sources */ = {
			isa = PBXSourcesBuildPhase;
			buildActionMask = 2147483647;
			files = (
			);
			runOnlyForDeploymentPostprocessing = 0;
		};
		872F18902D806E7E00C638FD /* Sources */ = {
			isa = PBXSourcesBuildPhase;
			buildActionMask = 2147483647;
			files = (
			);
			runOnlyForDeploymentPostprocessing = 0;
		};
		872F189A2D806E7E00C638FD /* Sources */ = {
			isa = PBXSourcesBuildPhase;
			buildActionMask = 2147483647;
			files = (
			);
			runOnlyForDeploymentPostprocessing = 0;
		};
/* End PBXSourcesBuildPhase section */

/* Begin PBXTargetDependency section */
		872F18962D806E7E00C638FD /* PBXTargetDependency */ = {
			isa = PBXTargetDependency;
			target = 872F18812D806E7D00C638FD /* checkmoodumm */;
			targetProxy = 872F18952D806E7E00C638FD /* PBXContainerItemProxy */;
		};
		872F18A02D806E7E00C638FD /* PBXTargetDependency */ = {
			isa = PBXTargetDependency;
			target = 872F18812D806E7D00C638FD /* checkmoodumm */;
			targetProxy = 872F189F2D806E7E00C638FD /* PBXContainerItemProxy */;
		};
/* End PBXTargetDependency section */

/* Begin XCBuildConfiguration section */
		872F18A62D806E7E00C638FD /* Debug */ = {
			isa = XCBuildConfiguration;
			buildSettings = {
				ALWAYS_SEARCH_USER_PATHS = NO;
				ASSETCATALOG_COMPILER_GENERATE_SWIFT_ASSET_SYMBOL_EXTENSIONS = YES;
				CLANG_ANALYZER_NONNULL = YES;
				CLANG_ANALYZER_NUMBER_OBJECT_CONVERSION = YES_AGGRESSIVE;
				CLANG_CXX_LANGUAGE_STANDARD = "gnu++20";
				CLANG_ENABLE_MODULES = YES;
				CLANG_ENABLE_OBJC_ARC = YES;
				CLANG_ENABLE_OBJC_WEAK = YES;
				CLANG_WARN_BLOCK_CAPTURE_AUTORELEASING = YES;
				CLANG_WARN_BOOL_CONVERSION = YES;
				CLANG_WARN_COMMA = YES;
				CLANG_WARN_CONSTANT_CONVERSION = YES;
				CLANG_WARN_DEPRECATED_OBJC_IMPLEMENTATIONS = YES;
				CLANG_WARN_DIRECT_OBJC_ISA_USAGE = YES_ERROR;
				CLANG_WARN_DOCUMENTATION_COMMENTS = YES;
				CLANG_WARN_EMPTY_BODY = YES;
				CLANG_WARN_ENUM_CONVERSION = YES;
				CLANG_WARN_INFINITE_RECURSION = YES;
				CLANG_WARN_INT_CONVERSION = YES;
				CLANG_WARN_NON_LITERAL_NULL_CONVERSION = YES;
				CLANG_WARN_OBJC_IMPLICIT_RETAIN_SELF = YES;
				CLANG_WARN_OBJC_LITERAL_CONVERSION = YES;
				CLANG_WARN_OBJC_ROOT_CLASS = YES_ERROR;
				CLANG_WARN_QUOTED_INCLUDE_IN_FRAMEWORK_HEADER = YES;
				CLANG_WARN_RANGE_LOOP_ANALYSIS = YES;
				CLANG_WARN_STRICT_PROTOTYPES = YES;
				CLANG_WARN_SUSPICIOUS_MOVE = YES;
				CLANG_WARN_UNGUARDED_AVAILABILITY = YES_AGGRESSIVE;
				CLANG_WARN_UNREACHABLE_CODE = YES;
				CLANG_WARN__DUPLICATE_METHOD_MATCH = YES;
				COPY_PHASE_STRIP = NO;
				DEBUG_INFORMATION_FORMAT = dwarf;
				ENABLE_STRICT_OBJC_MSGSEND = YES;
				ENABLE_TESTABILITY = YES;
				ENABLE_USER_SCRIPT_SANDBOXING = YES;
				GCC_C_LANGUAGE_STANDARD = gnu17;
				GCC_DYNAMIC_NO_PIC = NO;
				GCC_NO_COMMON_BLOCKS = YES;
				GCC_OPTIMIZATION_LEVEL = 0;
				GCC_PREPROCESSOR_DEFINITIONS = (
					"DEBUG=1",
					"$(inherited)",
				);
				GCC_WARN_64_TO_32_BIT_CONVERSION = YES;
				GCC_WARN_ABOUT_RETURN_TYPE = YES_ERROR;
				GCC_WARN_UNDECLARED_SELECTOR = YES;
				GCC_WARN_UNINITIALIZED_AUTOS = YES_AGGRESSIVE;
				GCC_WARN_UNUSED_FUNCTION = YES;
				GCC_WARN_UNUSED_VARIABLE = YES;
				INFOPLIST_KEY_NSCameraUsageDescription = "바코드 스캔을 통해 책 정보를 검색하기 위해 카메라 접근 권한이 필요합니다.";
				IPHONEOS_DEPLOYMENT_TARGET = 18.0;
				LOCALIZATION_PREFERS_STRING_CATALOGS = YES;
				MTL_ENABLE_DEBUG_INFO = INCLUDE_SOURCE;
				MTL_FAST_MATH = YES;
				ONLY_ACTIVE_ARCH = YES;
				SDKROOT = iphoneos;
				SWIFT_ACTIVE_COMPILATION_CONDITIONS = "DEBUG $(inherited)";
				SWIFT_OPTIMIZATION_LEVEL = "-Onone";
			};
			name = Debug;
		};
		872F18A72D806E7E00C638FD /* Release */ = {
			isa = XCBuildConfiguration;
			buildSettings = {
				ALWAYS_SEARCH_USER_PATHS = NO;
				ASSETCATALOG_COMPILER_GENERATE_SWIFT_ASSET_SYMBOL_EXTENSIONS = YES;
				CLANG_ANALYZER_NONNULL = YES;
				CLANG_ANALYZER_NUMBER_OBJECT_CONVERSION = YES_AGGRESSIVE;
				CLANG_CXX_LANGUAGE_STANDARD = "gnu++20";
				CLANG_ENABLE_MODULES = YES;
				CLANG_ENABLE_OBJC_ARC = YES;
				CLANG_ENABLE_OBJC_WEAK = YES;
				CLANG_WARN_BLOCK_CAPTURE_AUTORELEASING = YES;
				CLANG_WARN_BOOL_CONVERSION = YES;
				CLANG_WARN_COMMA = YES;
				CLANG_WARN_CONSTANT_CONVERSION = YES;
				CLANG_WARN_DEPRECATED_OBJC_IMPLEMENTATIONS = YES;
				CLANG_WARN_DIRECT_OBJC_ISA_USAGE = YES_ERROR;
				CLANG_WARN_DOCUMENTATION_COMMENTS = YES;
				CLANG_WARN_EMPTY_BODY = YES;
				CLANG_WARN_ENUM_CONVERSION = YES;
				CLANG_WARN_INFINITE_RECURSION = YES;
				CLANG_WARN_INT_CONVERSION = YES;
				CLANG_WARN_NON_LITERAL_NULL_CONVERSION = YES;
				CLANG_WARN_OBJC_IMPLICIT_RETAIN_SELF = YES;
				CLANG_WARN_OBJC_LITERAL_CONVERSION = YES;
				CLANG_WARN_OBJC_ROOT_CLASS = YES_ERROR;
				CLANG_WARN_QUOTED_INCLUDE_IN_FRAMEWORK_HEADER = YES;
				CLANG_WARN_RANGE_LOOP_ANALYSIS = YES;
				CLANG_WARN_STRICT_PROTOTYPES = YES;
				CLANG_WARN_SUSPICIOUS_MOVE = YES;
				CLANG_WARN_UNGUARDED_AVAILABILITY = YES_AGGRESSIVE;
				CLANG_WARN_UNREACHABLE_CODE = YES;
				CLANG_WARN__DUPLICATE_METHOD_MATCH = YES;
				COPY_PHASE_STRIP = NO;
				DEBUG_INFORMATION_FORMAT = "dwarf-with-dsym";
				ENABLE_NS_ASSERTIONS = NO;
				ENABLE_STRICT_OBJC_MSGSEND = YES;
				ENABLE_USER_SCRIPT_SANDBOXING = YES;
				GCC_C_LANGUAGE_STANDARD = gnu17;
				GCC_NO_COMMON_BLOCKS = YES;
				GCC_WARN_64_TO_32_BIT_CONVERSION = YES;
				GCC_WARN_ABOUT_RETURN_TYPE = YES_ERROR;
				GCC_WARN_UNDECLARED_SELECTOR = YES;
				GCC_WARN_UNINITIALIZED_AUTOS = YES_AGGRESSIVE;
				GCC_WARN_UNUSED_FUNCTION = YES;
				GCC_WARN_UNUSED_VARIABLE = YES;
				INFOPLIST_KEY_NSCameraUsageDescription = "바코드 스캔을 통해 책 정보를 검색하기 위해 카메라 접근 권한이 필요합니다.";
				IPHONEOS_DEPLOYMENT_TARGET = 18.0;
				LOCALIZATION_PREFERS_STRING_CATALOGS = YES;
				MTL_ENABLE_DEBUG_INFO = NO;
				MTL_FAST_MATH = YES;
				SDKROOT = iphoneos;
				SWIFT_COMPILATION_MODE = wholemodule;
				VALIDATE_PRODUCT = YES;
			};
			name = Release;
		};
		872F18A92D806E7E00C638FD /* Debug */ = {
			isa = XCBuildConfiguration;
			buildSettings = {
				ASSETCATALOG_COMPILER_APPICON_NAME = AppIcon;
				ASSETCATALOG_COMPILER_GLOBAL_ACCENT_COLOR_NAME = AccentColor;
				CODE_SIGN_STYLE = Automatic;
				CURRENT_PROJECT_VERSION = 1;
				DEVELOPMENT_ASSET_PATHS = "\"checkmoodumm/Preview Content\"";
				DEVELOPMENT_TEAM = MBR2552QY4;
				ENABLE_PREVIEWS = YES;
				GENERATE_INFOPLIST_FILE = YES;
				INFOPLIST_KEY_UIApplicationSceneManifest_Generation = YES;
				INFOPLIST_KEY_UIApplicationSupportsIndirectInputEvents = YES;
				INFOPLIST_KEY_UILaunchScreen_Generation = YES;
				INFOPLIST_KEY_UISupportedInterfaceOrientations_iPad = "UIInterfaceOrientationPortrait UIInterfaceOrientationPortraitUpsideDown UIInterfaceOrientationLandscapeLeft UIInterfaceOrientationLandscapeRight";
				INFOPLIST_KEY_UISupportedInterfaceOrientations_iPhone = "UIInterfaceOrientationPortrait UIInterfaceOrientationLandscapeLeft UIInterfaceOrientationLandscapeRight";
				LD_RUNPATH_SEARCH_PATHS = (
					"$(inherited)",
					"@executable_path/Frameworks",
				);
				MARKETING_VERSION = 1.0;
				PRODUCT_BUNDLE_IDENTIFIER = co.pwnz.checkmoodumm;
				PRODUCT_NAME = "$(TARGET_NAME)";
				SWIFT_EMIT_LOC_STRINGS = YES;
				SWIFT_VERSION = 5.0;
				TARGETED_DEVICE_FAMILY = "1,2";
			};
			name = Debug;
		};
		872F18AA2D806E7E00C638FD /* Release */ = {
			isa = XCBuildConfiguration;
			buildSettings = {
				ASSETCATALOG_COMPILER_APPICON_NAME = AppIcon;
				ASSETCATALOG_COMPILER_GLOBAL_ACCENT_COLOR_NAME = AccentColor;
				CODE_SIGN_STYLE = Automatic;
				CURRENT_PROJECT_VERSION = 1;
				DEVELOPMENT_ASSET_PATHS = "\"checkmoodumm/Preview Content\"";
				DEVELOPMENT_TEAM = MBR2552QY4;
				ENABLE_PREVIEWS = YES;
				GENERATE_INFOPLIST_FILE = YES;
				INFOPLIST_KEY_UIApplicationSceneManifest_Generation = YES;
				INFOPLIST_KEY_UIApplicationSupportsIndirectInputEvents = YES;
				INFOPLIST_KEY_UILaunchScreen_Generation = YES;
				INFOPLIST_KEY_UISupportedInterfaceOrientations_iPad = "UIInterfaceOrientationPortrait UIInterfaceOrientationPortraitUpsideDown UIInterfaceOrientationLandscapeLeft UIInterfaceOrientationLandscapeRight";
				INFOPLIST_KEY_UISupportedInterfaceOrientations_iPhone = "UIInterfaceOrientationPortrait UIInterfaceOrientationLandscapeLeft UIInterfaceOrientationLandscapeRight";
				LD_RUNPATH_SEARCH_PATHS = (
					"$(inherited)",
					"@executable_path/Frameworks",
				);
				MARKETING_VERSION = 1.0;
				PRODUCT_BUNDLE_IDENTIFIER = co.pwnz.checkmoodumm;
				PRODUCT_NAME = "$(TARGET_NAME)";
				SWIFT_EMIT_LOC_STRINGS = YES;
				SWIFT_VERSION = 5.0;
				TARGETED_DEVICE_FAMILY = "1,2";
			};
			name = Release;
		};
		872F18AC2D806E7E00C638FD /* Debug */ = {
			isa = XCBuildConfiguration;
			buildSettings = {
				BUNDLE_LOADER = "$(TEST_HOST)";
				CODE_SIGN_STYLE = Automatic;
				CURRENT_PROJECT_VERSION = 1;
				GENERATE_INFOPLIST_FILE = YES;
				IPHONEOS_DEPLOYMENT_TARGET = 18.0;
				MARKETING_VERSION = 1.0;
				PRODUCT_BUNDLE_IDENTIFIER = co.pwnz.checkmoodummTests;
				PRODUCT_NAME = "$(TARGET_NAME)";
				SWIFT_EMIT_LOC_STRINGS = NO;
				SWIFT_VERSION = 5.0;
				TARGETED_DEVICE_FAMILY = "1,2";
				TEST_HOST = "$(BUILT_PRODUCTS_DIR)/checkmoodumm.app/$(BUNDLE_EXECUTABLE_FOLDER_PATH)/checkmoodumm";
			};
			name = Debug;
		};
		872F18AD2D806E7E00C638FD /* Release */ = {
			isa = XCBuildConfiguration;
			buildSettings = {
				BUNDLE_LOADER = "$(TEST_HOST)";
				CODE_SIGN_STYLE = Automatic;
				CURRENT_PROJECT_VERSION = 1;
				GENERATE_INFOPLIST_FILE = YES;
				IPHONEOS_DEPLOYMENT_TARGET = 18.0;
				MARKETING_VERSION = 1.0;
				PRODUCT_BUNDLE_IDENTIFIER = co.pwnz.checkmoodummTests;
				PRODUCT_NAME = "$(TARGET_NAME)";
				SWIFT_EMIT_LOC_STRINGS = NO;
				SWIFT_VERSION = 5.0;
				TARGETED_DEVICE_FAMILY = "1,2";
				TEST_HOST = "$(BUILT_PRODUCTS_DIR)/checkmoodumm.app/$(BUNDLE_EXECUTABLE_FOLDER_PATH)/checkmoodumm";
			};
			name = Release;
		};
		872F18AF2D806E7E00C638FD /* Debug */ = {
			isa = XCBuildConfiguration;
			buildSettings = {
				CODE_SIGN_STYLE = Automatic;
				CURRENT_PROJECT_VERSION = 1;
				GENERATE_INFOPLIST_FILE = YES;
				MARKETING_VERSION = 1.0;
				PRODUCT_BUNDLE_IDENTIFIER = co.pwnz.checkmoodummUITests;
				PRODUCT_NAME = "$(TARGET_NAME)";
				SWIFT_EMIT_LOC_STRINGS = NO;
				SWIFT_VERSION = 5.0;
				TARGETED_DEVICE_FAMILY = "1,2";
				TEST_TARGET_NAME = checkmoodumm;
			};
			name = Debug;
		};
		872F18B02D806E7E00C638FD /* Release */ = {
			isa = XCBuildConfiguration;
			buildSettings = {
				CODE_SIGN_STYLE = Automatic;
				CURRENT_PROJECT_VERSION = 1;
				GENERATE_INFOPLIST_FILE = YES;
				MARKETING_VERSION = 1.0;
				PRODUCT_BUNDLE_IDENTIFIER = co.pwnz.checkmoodummUITests;
				PRODUCT_NAME = "$(TARGET_NAME)";
				SWIFT_EMIT_LOC_STRINGS = NO;
				SWIFT_VERSION = 5.0;
				TARGETED_DEVICE_FAMILY = "1,2";
				TEST_TARGET_NAME = checkmoodumm;
			};
			name = Release;
		};
/* End XCBuildConfiguration section */

/* Begin XCConfigurationList section */
		872F187D2D806E7D00C638FD /* Build configuration list for PBXProject "checkmoodumm" */ = {
			isa = XCConfigurationList;
			buildConfigurations = (
				872F18A62D806E7E00C638FD /* Debug */,
				872F18A72D806E7E00C638FD /* Release */,
			);
			defaultConfigurationIsVisible = 0;
			defaultConfigurationName = Release;
		};
		872F18A82D806E7E00C638FD /* Build configuration list for PBXNativeTarget "checkmoodumm" */ = {
			isa = XCConfigurationList;
			buildConfigurations = (
				872F18A92D806E7E00C638FD /* Debug */,
				872F18AA2D806E7E00C638FD /* Release */,
			);
			defaultConfigurationIsVisible = 0;
			defaultConfigurationName = Release;
		};
		872F18AB2D806E7E00C638FD /* Build configuration list for PBXNativeTarget "checkmoodummTests" */ = {
			isa = XCConfigurationList;
			buildConfigurations = (
				872F18AC2D806E7E00C638FD /* Debug */,
				872F18AD2D806E7E00C638FD /* Release */,
			);
			defaultConfigurationIsVisible = 0;
			defaultConfigurationName = Release;
		};
		872F18AE2D806E7E00C638FD /* Build configuration list for PBXNativeTarget "checkmoodummUITests" */ = {
			isa = XCConfigurationList;
			buildConfigurations = (
				872F18AF2D806E7E00C638FD /* Debug */,
				872F18B02D806E7E00C638FD /* Release */,
			);
			defaultConfigurationIsVisible = 0;
			defaultConfigurationName = Release;
		};
/* End XCConfigurationList section */
	};
	rootObject = 872F187A2D806E7D00C638FD /* Project object */;
}
